
Microsoft Visual Studio Solution File, Format Version 12.00
# Visual Studio Version 17
VisualStudioVersion = 17.7.34031.279
MinimumVisualStudioVersion = 10.0.40219.1
Project("{FAE04EC0-301F-11D3-BF4B-00C04F79EFBC}") = "Codigo en c#", "Codigo en c#\Codigo en c#.csproj", "{7101EFFE-7A08-42A5-BF7B-496D754C347A}"
EndProject
Global
	GlobalSection(SolutionConfigurationPlatforms) = preSolution
		Debug|Any CPU = Debug|Any CPU
		Release|Any CPU = Release|Any CPU
	EndGlobalSection
	GlobalSection(ProjectConfigurationPlatforms) = postSolution
		{7101EFFE-7A08-42A5-BF7B-496D754C347A}.Debug|Any CPU.ActiveCfg = Debug|Any CPU
		{7101EFFE-7A08-42A5-BF7B-496D754C347A}.Debug|Any CPU.Build.0 = Debug|Any CPU
		{7101EFFE-7A08-42A5-BF7B-496D754C347A}.Release|Any CPU.ActiveCfg = Release|Any CPU
		{7101EFFE-7A08-42A5-BF7B-496D754C347A}.Release|Any CPU.Build.0 = Release|Any CPU
	EndGlobalSection
	GlobalSection(SolutionProperties) = preSolution
		HideSolutionNode = FALSE
	EndGlobalSection
	GlobalSection(ExtensibilityGlobals) = postSolution
		SolutionGuid = {489EBB93-64EC-4474-BA32-9C78FDEC93B6}
	EndGlobalSection
EndGlobal
